
Microsoft Visual Studio Solution File, Format Version 12.00
# Visual Studio 14
VisualStudioVersion = 14.0.23107.0
MinimumVisualStudioVersion = 10.0.40219.1
Project("{2150E333-8FDC-42A3-9474-1A3956D46DE8}") = "Solution Items", "Solution Items", "{1652DE84-6932-4A18-A0CA-59D104DBE856}"
	ProjectSection(SolutionItems) = preProject
		GammaJul.ReSharper.EnhancedTooltip.props = GammaJul.ReSharper.EnhancedTooltip.props
	EndProjectSection
EndProject
Project("{2150E333-8FDC-42A3-9474-1A3956D46DE8}") = ".nuget", ".nuget", "{5A327D2D-A7CD-4108-BB31-A2602F0E3742}"
	ProjectSection(SolutionItems) = preProject
		.nuget\packages.config = .nuget\packages.config
	EndProjectSection
EndProject
Project("{FAE04EC0-301F-11D3-BF4B-00C04F79EFBC}") = "GammaJul.ReSharper.EnhancedTooltip.9.1", "GammaJul.ReSharper.EnhancedTooltip\GammaJul.ReSharper.EnhancedTooltip.9.1.csproj", "{503F35A4-5A44-4468-8DE2-174F0B7D3D77}"
EndProject
Global
	GlobalSection(SolutionConfigurationPlatforms) = preSolution
		Debug|Any CPU = Debug|Any CPU
		Release|Any CPU = Release|Any CPU
	EndGlobalSection
	GlobalSection(ProjectConfigurationPlatforms) = postSolution
		{503F35A4-5A44-4468-8DE2-174F0B7D3D77}.Debug|Any CPU.ActiveCfg = Debug|Any CPU
		{503F35A4-5A44-4468-8DE2-174F0B7D3D77}.Debug|Any CPU.Build.0 = Debug|Any CPU
		{503F35A4-5A44-4468-8DE2-174F0B7D3D77}.Release|Any CPU.ActiveCfg = Release|Any CPU
		{503F35A4-5A44-4468-8DE2-174F0B7D3D77}.Release|Any CPU.Build.0 = Release|Any CPU
	EndGlobalSection
	GlobalSection(SolutionProperties) = preSolution
		HideSolutionNode = FALSE
	EndGlobalSection
EndGlobal
