
Microsoft Visual Studio Solution File, Format Version 12.00
# Visual Studio Version 17
VisualStudioVersion = 17.1.32319.34
MinimumVisualStudioVersion = 10.0.40219.1
Project("{9A19103F-16F7-4668-BE54-9A1E7A4F7556}") = "GammaJul.ReSharper.EnhancedTooltip", "source\GammaJul.ReSharper.EnhancedTooltip\GammaJul.ReSharper.EnhancedTooltip.csproj", "{503F35A4-5A44-4468-8DE2-174F0B7D3D77}"
EndProject
Project("{9A19103F-16F7-4668-BE54-9A1E7A4F7556}") = "_build", "build\_build.csproj", "{1C18A594-4702-4FD5-8189-5144AB6E2A59}"
EndProject
Project("{2150E333-8FDC-42A3-9474-1A3956D46DE8}") = "Solution Items", "Solution Items", "{D9282B81-9250-400D-8727-49870F7FE34F}"
	ProjectSection(SolutionItems) = preProject
		.editorconfig = .editorconfig
		CHANGELOG.md = CHANGELOG.md
		README.md = README.md
	EndProjectSection
EndProject
Global
	GlobalSection(SolutionConfigurationPlatforms) = preSolution
		Debug|Any CPU = Debug|Any CPU
		Release|Any CPU = Release|Any CPU
	EndGlobalSection
	GlobalSection(ProjectConfigurationPlatforms) = postSolution
		{503F35A4-5A44-4468-8DE2-174F0B7D3D77}.Debug|Any CPU.ActiveCfg = Debug|Any CPU
		{503F35A4-5A44-4468-8DE2-174F0B7D3D77}.Debug|Any CPU.Build.0 = Debug|Any CPU
		{503F35A4-5A44-4468-8DE2-174F0B7D3D77}.Release|Any CPU.ActiveCfg = Release|Any CPU
		{503F35A4-5A44-4468-8DE2-174F0B7D3D77}.Release|Any CPU.Build.0 = Release|Any CPU
		{1C18A594-4702-4FD5-8189-5144AB6E2A59}.Debug|Any CPU.ActiveCfg = Debug|Any CPU
		{1C18A594-4702-4FD5-8189-5144AB6E2A59}.Release|Any CPU.ActiveCfg = Release|Any CPU
	EndGlobalSection
	GlobalSection(SolutionProperties) = preSolution
		HideSolutionNode = FALSE
	EndGlobalSection
	GlobalSection(ExtensibilityGlobals) = postSolution
		SolutionGuid = {39561088-E4A5-4A87-8E3B-30B5E2958FCB}
	EndGlobalSection
EndGlobal
