
Microsoft Visual Studio Solution File, Format Version 12.00
# Visual Studio 15
VisualStudioVersion = 15.0.27130.2010
MinimumVisualStudioVersion = 10.0.40219.1
Project("{9A19103F-16F7-4668-BE54-9A1E7A4F7556}") = "GammaJul.ReSharper.EnhancedTooltip", "GammaJul.ReSharper.EnhancedTooltip\GammaJul.ReSharper.EnhancedTooltip.csproj", "{503F35A4-5A44-4468-8DE2-174F0B7D3D77}"
EndProject
Global
	GlobalSection(SolutionConfigurationPlatforms) = preSolution
		Debug|x86 = Debug|x86
		Release|x86 = Release|x86
	EndGlobalSection
	GlobalSection(ProjectConfigurationPlatforms) = postSolution
		{503F35A4-5A44-4468-8DE2-174F0B7D3D77}.Debug|x86.ActiveCfg = Debug|Any CPU
		{503F35A4-5A44-4468-8DE2-174F0B7D3D77}.Debug|x86.Build.0 = Debug|Any CPU
		{503F35A4-5A44-4468-8DE2-174F0B7D3D77}.Release|x86.ActiveCfg = Release|Any CPU
		{503F35A4-5A44-4468-8DE2-174F0B7D3D77}.Release|x86.Build.0 = Release|Any CPU
	EndGlobalSection
	GlobalSection(SolutionProperties) = preSolution
		HideSolutionNode = FALSE
	EndGlobalSection
	GlobalSection(ExtensibilityGlobals) = postSolution
		SolutionGuid = {39561088-E4A5-4A87-8E3B-30B5E2958FCB}
	EndGlobalSection
EndGlobal
